
Microsoft Visual Studio Solution File, Format Version 12.00
# Visual Studio 15
VisualStudioVersion = 15.0.27428.2037
MinimumVisualStudioVersion = 10.0.40219.1
Project("{9A19103F-16F7-4668-BE54-9A1E7A4F7556}") = "Domain", "Domain\Domain.csproj", "{C4013D17-7514-451B-A76C-D10C45B73857}"
EndProject
Project("{9A19103F-16F7-4668-BE54-9A1E7A4F7556}") = "Models", "Models\Models.csproj", "{C9CA9B3F-32CE-46AD-AC82-D728DBFC6422}"
EndProject
Project("{2150E333-8FDC-42A3-9474-1A3956D46DE8}") = "Common", "Common", "{A3C2E5A5-E43E-4F78-9323-9E49AA05C70B}"
EndProject
Project("{9A19103F-16F7-4668-BE54-9A1E7A4F7556}") = "FileCDN", "FileCDN\FileCDN.csproj", "{81871812-2340-4900-AFD9-06E7AE49DC19}"
EndProject
Project("{9A19103F-16F7-4668-BE54-9A1E7A4F7556}") = "FileCDN.Models", "FileCDN.Models\FileCDN.Models.csproj", "{AD348529-2AAA-4484-81B3-B43390A3D44F}"
EndProject
Project("{9A19103F-16F7-4668-BE54-9A1E7A4F7556}") = "ImageProcessor", "ImageProcessor\ImageProcessor.csproj", "{25E4DC80-27BB-42DC-BC3F-19931D032DBA}"
EndProject
Project("{9A19103F-16F7-4668-BE54-9A1E7A4F7556}") = "WebCommon", "WebCommon\WebCommon.csproj", "{8AB272FE-B57E-4815-A912-9FF97FB00741}"
EndProject
Project("{9A19103F-16F7-4668-BE54-9A1E7A4F7556}") = "Elastic.Models", "ElasticIntegration.Models\Elastic.Models.csproj", "{58504688-7CA8-46ED-9734-0C2C5C0C9211}"
EndProject
Project("{2150E333-8FDC-42A3-9474-1A3956D46DE8}") = "Forum", "Forum", "{EB4041E2-FFCF-4B3F-A604-16B6ED025C0A}"
EndProject
Project("{9A19103F-16F7-4668-BE54-9A1E7A4F7556}") = "PopForums", "Forum\PopForums\PopForums.csproj", "{F3055714-5E21-4D49-8652-9029BA15982E}"
EndProject
Project("{9A19103F-16F7-4668-BE54-9A1E7A4F7556}") = "PopForums.Mvc", "Forum\PopForums.Mvc\PopForums.Mvc.csproj", "{61EB25F6-8F32-48BC-88AD-B1FD84C58D10}"
EndProject
Project("{9A19103F-16F7-4668-BE54-9A1E7A4F7556}") = "PopForums.Sql", "Forum\PopForums.Sql\PopForums.Sql.csproj", "{B7977630-2DC2-4B76-AAA0-EE3B5B3DB257}"
EndProject
Global
	GlobalSection(SolutionConfigurationPlatforms) = preSolution
		Both sites|Any CPU = Both sites|Any CPU
		Debug|Any CPU = Debug|Any CPU
		Release|Any CPU = Release|Any CPU
	EndGlobalSection
	GlobalSection(ProjectConfigurationPlatforms) = postSolution
		{C4013D17-7514-451B-A76C-D10C45B73857}.Both sites|Any CPU.ActiveCfg = Both sites|Any CPU
		{C4013D17-7514-451B-A76C-D10C45B73857}.Both sites|Any CPU.Build.0 = Both sites|Any CPU
		{C4013D17-7514-451B-A76C-D10C45B73857}.Debug|Any CPU.ActiveCfg = Debug|Any CPU
		{C4013D17-7514-451B-A76C-D10C45B73857}.Debug|Any CPU.Build.0 = Debug|Any CPU
		{C4013D17-7514-451B-A76C-D10C45B73857}.Release|Any CPU.ActiveCfg = Release|Any CPU
		{C4013D17-7514-451B-A76C-D10C45B73857}.Release|Any CPU.Build.0 = Release|Any CPU
		{C9CA9B3F-32CE-46AD-AC82-D728DBFC6422}.Both sites|Any CPU.ActiveCfg = Both sites|Any CPU
		{C9CA9B3F-32CE-46AD-AC82-D728DBFC6422}.Both sites|Any CPU.Build.0 = Both sites|Any CPU
		{C9CA9B3F-32CE-46AD-AC82-D728DBFC6422}.Debug|Any CPU.ActiveCfg = Debug|Any CPU
		{C9CA9B3F-32CE-46AD-AC82-D728DBFC6422}.Debug|Any CPU.Build.0 = Debug|Any CPU
		{C9CA9B3F-32CE-46AD-AC82-D728DBFC6422}.Release|Any CPU.ActiveCfg = Release|Any CPU
		{C9CA9B3F-32CE-46AD-AC82-D728DBFC6422}.Release|Any CPU.Build.0 = Release|Any CPU
		{81871812-2340-4900-AFD9-06E7AE49DC19}.Both sites|Any CPU.ActiveCfg = Both sites|Any CPU
		{81871812-2340-4900-AFD9-06E7AE49DC19}.Both sites|Any CPU.Build.0 = Both sites|Any CPU
		{81871812-2340-4900-AFD9-06E7AE49DC19}.Debug|Any CPU.ActiveCfg = Debug|Any CPU
		{81871812-2340-4900-AFD9-06E7AE49DC19}.Debug|Any CPU.Build.0 = Debug|Any CPU
		{81871812-2340-4900-AFD9-06E7AE49DC19}.Release|Any CPU.ActiveCfg = Release|Any CPU
		{81871812-2340-4900-AFD9-06E7AE49DC19}.Release|Any CPU.Build.0 = Release|Any CPU
		{AD348529-2AAA-4484-81B3-B43390A3D44F}.Both sites|Any CPU.ActiveCfg = Both sites|Any CPU
		{AD348529-2AAA-4484-81B3-B43390A3D44F}.Both sites|Any CPU.Build.0 = Both sites|Any CPU
		{AD348529-2AAA-4484-81B3-B43390A3D44F}.Debug|Any CPU.ActiveCfg = Debug|Any CPU
		{AD348529-2AAA-4484-81B3-B43390A3D44F}.Debug|Any CPU.Build.0 = Debug|Any CPU
		{AD348529-2AAA-4484-81B3-B43390A3D44F}.Release|Any CPU.ActiveCfg = Release|Any CPU
		{AD348529-2AAA-4484-81B3-B43390A3D44F}.Release|Any CPU.Build.0 = Release|Any CPU
		{25E4DC80-27BB-42DC-BC3F-19931D032DBA}.Both sites|Any CPU.ActiveCfg = Both sites|Any CPU
		{25E4DC80-27BB-42DC-BC3F-19931D032DBA}.Both sites|Any CPU.Build.0 = Both sites|Any CPU
		{25E4DC80-27BB-42DC-BC3F-19931D032DBA}.Debug|Any CPU.ActiveCfg = Debug|Any CPU
		{25E4DC80-27BB-42DC-BC3F-19931D032DBA}.Debug|Any CPU.Build.0 = Debug|Any CPU
		{25E4DC80-27BB-42DC-BC3F-19931D032DBA}.Release|Any CPU.ActiveCfg = Release|Any CPU
		{25E4DC80-27BB-42DC-BC3F-19931D032DBA}.Release|Any CPU.Build.0 = Release|Any CPU
		{8AB272FE-B57E-4815-A912-9FF97FB00741}.Both sites|Any CPU.ActiveCfg = Both sites|Any CPU
		{8AB272FE-B57E-4815-A912-9FF97FB00741}.Both sites|Any CPU.Build.0 = Both sites|Any CPU
		{8AB272FE-B57E-4815-A912-9FF97FB00741}.Debug|Any CPU.ActiveCfg = Debug|Any CPU
		{8AB272FE-B57E-4815-A912-9FF97FB00741}.Debug|Any CPU.Build.0 = Debug|Any CPU
		{8AB272FE-B57E-4815-A912-9FF97FB00741}.Release|Any CPU.ActiveCfg = Release|Any CPU
		{8AB272FE-B57E-4815-A912-9FF97FB00741}.Release|Any CPU.Build.0 = Release|Any CPU
		{58504688-7CA8-46ED-9734-0C2C5C0C9211}.Both sites|Any CPU.ActiveCfg = Debug|Any CPU
		{58504688-7CA8-46ED-9734-0C2C5C0C9211}.Both sites|Any CPU.Build.0 = Debug|Any CPU
		{58504688-7CA8-46ED-9734-0C2C5C0C9211}.Debug|Any CPU.ActiveCfg = Debug|Any CPU
		{58504688-7CA8-46ED-9734-0C2C5C0C9211}.Debug|Any CPU.Build.0 = Debug|Any CPU
		{58504688-7CA8-46ED-9734-0C2C5C0C9211}.Release|Any CPU.ActiveCfg = Release|Any CPU
		{58504688-7CA8-46ED-9734-0C2C5C0C9211}.Release|Any CPU.Build.0 = Release|Any CPU
		{F3055714-5E21-4D49-8652-9029BA15982E}.Both sites|Any CPU.ActiveCfg = Debug|Any CPU
		{F3055714-5E21-4D49-8652-9029BA15982E}.Both sites|Any CPU.Build.0 = Debug|Any CPU
		{F3055714-5E21-4D49-8652-9029BA15982E}.Debug|Any CPU.ActiveCfg = Debug|Any CPU
		{F3055714-5E21-4D49-8652-9029BA15982E}.Debug|Any CPU.Build.0 = Debug|Any CPU
		{F3055714-5E21-4D49-8652-9029BA15982E}.Release|Any CPU.ActiveCfg = Release|Any CPU
		{F3055714-5E21-4D49-8652-9029BA15982E}.Release|Any CPU.Build.0 = Release|Any CPU
		{61EB25F6-8F32-48BC-88AD-B1FD84C58D10}.Both sites|Any CPU.ActiveCfg = Debug|Any CPU
		{61EB25F6-8F32-48BC-88AD-B1FD84C58D10}.Both sites|Any CPU.Build.0 = Debug|Any CPU
		{61EB25F6-8F32-48BC-88AD-B1FD84C58D10}.Debug|Any CPU.ActiveCfg = Debug|Any CPU
		{61EB25F6-8F32-48BC-88AD-B1FD84C58D10}.Debug|Any CPU.Build.0 = Debug|Any CPU
		{61EB25F6-8F32-48BC-88AD-B1FD84C58D10}.Release|Any CPU.ActiveCfg = Release|Any CPU
		{61EB25F6-8F32-48BC-88AD-B1FD84C58D10}.Release|Any CPU.Build.0 = Release|Any CPU
		{B7977630-2DC2-4B76-AAA0-EE3B5B3DB257}.Both sites|Any CPU.ActiveCfg = Debug|Any CPU
		{B7977630-2DC2-4B76-AAA0-EE3B5B3DB257}.Both sites|Any CPU.Build.0 = Debug|Any CPU
		{B7977630-2DC2-4B76-AAA0-EE3B5B3DB257}.Debug|Any CPU.ActiveCfg = Debug|Any CPU
		{B7977630-2DC2-4B76-AAA0-EE3B5B3DB257}.Debug|Any CPU.Build.0 = Debug|Any CPU
		{B7977630-2DC2-4B76-AAA0-EE3B5B3DB257}.Release|Any CPU.ActiveCfg = Release|Any CPU
		{B7977630-2DC2-4B76-AAA0-EE3B5B3DB257}.Release|Any CPU.Build.0 = Release|Any CPU
	EndGlobalSection
	GlobalSection(SolutionProperties) = preSolution
		HideSolutionNode = FALSE
	EndGlobalSection
	GlobalSection(NestedProjects) = preSolution
		{81871812-2340-4900-AFD9-06E7AE49DC19} = {A3C2E5A5-E43E-4F78-9323-9E49AA05C70B}
		{AD348529-2AAA-4484-81B3-B43390A3D44F} = {A3C2E5A5-E43E-4F78-9323-9E49AA05C70B}
		{25E4DC80-27BB-42DC-BC3F-19931D032DBA} = {A3C2E5A5-E43E-4F78-9323-9E49AA05C70B}
		{8AB272FE-B57E-4815-A912-9FF97FB00741} = {A3C2E5A5-E43E-4F78-9323-9E49AA05C70B}
		{58504688-7CA8-46ED-9734-0C2C5C0C9211} = {A3C2E5A5-E43E-4F78-9323-9E49AA05C70B}
		{EB4041E2-FFCF-4B3F-A604-16B6ED025C0A} = {A3C2E5A5-E43E-4F78-9323-9E49AA05C70B}
		{F3055714-5E21-4D49-8652-9029BA15982E} = {EB4041E2-FFCF-4B3F-A604-16B6ED025C0A}
		{61EB25F6-8F32-48BC-88AD-B1FD84C58D10} = {EB4041E2-FFCF-4B3F-A604-16B6ED025C0A}
		{B7977630-2DC2-4B76-AAA0-EE3B5B3DB257} = {EB4041E2-FFCF-4B3F-A604-16B6ED025C0A}
	EndGlobalSection
	GlobalSection(ExtensibilityGlobals) = postSolution
		SolutionGuid = {FAB856EA-71FE-4F2D-8D4F-30603ABF2AFA}
	EndGlobalSection
EndGlobal
